
Microsoft Visual Studio Solution File, Format Version 12.00
# Visual Studio Version 17
VisualStudioVersion = 17.0.31903.59
MinimumVisualStudioVersion = 10.0.40219.1
Project("{2150E333-8FDC-42A3-9474-1A3956D46DE8}") = "samples", "samples", "{5D20AA90-6969-D8BD-9DCD-8634F4692FDA}"
EndProject
Project("{FAE04EC0-301F-11D3-BF4B-00C04F79EFBC}") = "Sora.Data.Postgres", "src\Sora.Data.Postgres\Sora.Data.Postgres.csproj", "{D6B0C1E2-ABCD-4F12-9E34-112233445566}"
EndProject
Project("{FAE04EC0-301F-11D3-BF4B-00C04F79EFBC}") = "Sora.Data.Direct", "src\Sora.Data.Direct\Sora.Data.Direct.csproj", "{4A4F5C3E-1D2B-4C6D-9A15-2F3B4C6D7E8F}"
EndProject
Project("{FAE04EC0-301F-11D3-BF4B-00C04F79EFBC}") = "Sora.Data.Postgres.Tests", "tests\Sora.Data.Postgres.Tests\Sora.Data.Postgres.Tests.csproj", "{AABBCCDD-1122-3344-5566-77889900AABB}"
EndProject
Project("{FAE04EC0-301F-11D3-BF4B-00C04F79EFBC}") = "Sora.Data.SqlServer", "src\Sora.Data.SqlServer\Sora.Data.SqlServer.csproj", "{2B2B6F6E-9E0C-4B42-9B3B-2C7B2C4E6D10}"
EndProject
Project("{FAE04EC0-301F-11D3-BF4B-00C04F79EFBC}") = "Sora.Data.SqlServer.Tests", "tests\Sora.Data.SqlServer.Tests\Sora.Data.SqlServer.Tests.csproj", "{3C3C7E7F-AD21-4E50-9B69-6B1C6E8F7A21}"
EndProject
Project("{FAE04EC0-301F-11D3-BF4B-00C04F79EFBC}") = "Sora.Messaging.Abstractions", "src\Sora.Messaging.Abstractions\Sora.Messaging.Abstractions.csproj", "{A1B2C3D4-0001-4000-8000-000000000001}"
EndProject
Project("{FAE04EC0-301F-11D3-BF4B-00C04F79EFBC}") = "Sora.Messaging.Core", "src\Sora.Messaging.Core\Sora.Messaging.Core.csproj", "{A1B2C3D4-0001-4000-8000-000000000002}"
EndProject
Project("{FAE04EC0-301F-11D3-BF4B-00C04F79EFBC}") = "Sora.Messaging.RabbitMq", "src\Sora.Messaging.RabbitMq\Sora.Messaging.RabbitMq.csproj", "{A1B2C3D4-0001-4000-8000-000000000003}"
EndProject
Project("{FAE04EC0-301F-11D3-BF4B-00C04F79EFBC}") = "S3.Mq.Sample", "samples\S3.Mq.Sample\S3.Mq.Sample.csproj", "{A1B2C3D4-0001-4000-8000-000000000004}"
EndProject
Project("{FAE04EC0-301F-11D3-BF4B-00C04F79EFBC}") = "Sora.Web", "src\Sora.Web\Sora.Web.csproj", "{E2E1C0C9-2F8C-4B7F-8F9E-3B7B9C7D9A01}"
EndProject
Project("{FAE04EC0-301F-11D3-BF4B-00C04F79EFBC}") = "S1.Web", "samples\S1.Web\S1.Web.csproj", "{5F4E4E41-65F5-4B19-A7E1-9FA7BDFD3B1E}"
EndProject
Project("{FAE04EC0-301F-11D3-BF4B-00C04F79EFBC}") = "S0.ConsoleJsonRepo", "samples\S0.ConsoleJsonRepo\S0.ConsoleJsonRepo.csproj", "{AC35BF5D-83DF-4D23-881B-048605902576}"
EndProject
Project("{2150E333-8FDC-42A3-9474-1A3956D46DE8}") = "src", "src", "{827E0CD3-B72D-47B6-A68D-7590B98EB39B}"
EndProject
Project("{9A19103F-16F7-4668-BE54-9A1E7A4F7556}") = "Sora.Data.Cqrs", "src\Sora.Data.Cqrs\Sora.Data.Cqrs.csproj", "{E2D8C6C4-3E87-4F8B-8C75-8E7C6C1A9F90}"
EndProject
Project("{2150E333-8FDC-42A3-9474-1A3956D46DE8}") = "tests", "tests", "{A57E7D90-6C53-4A55-9F6A-6C4D35D248CC}"
EndProject
Project("{FAE04EC0-301F-11D3-BF4B-00C04F79EFBC}") = "Sora.Core", "src\Sora.Core\Sora.Core.csproj", "{C7C89DC6-E1FF-4BC3-B300-7F4D2E83DE45}"
EndProject
Project("{FAE04EC0-301F-11D3-BF4B-00C04F79EFBC}") = "Sora.Data.Abstractions", "src\Sora.Data.Abstractions\Sora.Data.Abstractions.csproj", "{6E8C2AC3-C3E2-476A-8F31-A727CD774AD9}"
EndProject
Project("{FAE04EC0-301F-11D3-BF4B-00C04F79EFBC}") = "Sora.Data.Json", "src\Sora.Data.Json\Sora.Data.Json.csproj", "{897E7BA4-B952-4A05-9107-DBAD572F309D}"
EndProject
Project("{FAE04EC0-301F-11D3-BF4B-00C04F79EFBC}") = "Sora.Data.Core", "src\Sora.Data.Core\Sora.Data.Core.csproj", "{7A9AF089-3E9A-4B13-9CE8-2E8C6EC48E46}"
EndProject
Project("{FAE04EC0-301F-11D3-BF4B-00C04F79EFBC}") = "Sora.Data.Json.Tests", "tests\Sora.Data.Json.Tests\Sora.Data.Json.Tests.csproj", "{B63A18EB-8B77-4A7B-B9D4-17CE478CF46D}"
EndProject
Project("{FAE04EC0-301F-11D3-BF4B-00C04F79EFBC}") = "S0.ConsoleJsonRepo.Tests", "tests\S0.ConsoleJsonRepo.Tests\S0.ConsoleJsonRepo.Tests.csproj", "{9A1C2B4D-EB4F-48C6-83E4-9AE54429A4B8}"
EndProject
Project("{FAE04EC0-301F-11D3-BF4B-00C04F79EFBC}") = "Sora.Data.Core.Tests", "tests\Sora.Data.Core.Tests\Sora.Data.Core.Tests.csproj", "{1C42FAD6-7B14-43F9-83C4-25B8F6C27B8B}"
EndProject
Project("{FAE04EC0-301F-11D3-BF4B-00C04F79EFBC}") = "Sora.Data.Sqlite", "src\Sora.Data.Sqlite\Sora.Data.Sqlite.csproj", "{FEE3C69D-81C2-4F60-A7DD-89A848ABCA33}"
EndProject
Project("{FAE04EC0-301F-11D3-BF4B-00C04F79EFBC}") = "Sora.Data.Relational", "src\Sora.Data.Relational\Sora.Data.Relational.csproj", "{A0183773-0F7A-4F92-9310-83E51E4794BC}"
EndProject
Project("{FAE04EC0-301F-11D3-BF4B-00C04F79EFBC}") = "Sora.Data.Relational.Tests", "tests\Sora.Data.Relational.Tests\Sora.Data.Relational.Tests.csproj", "{7B6A14C3-192F-4A96-8422-1BFBDE30B2B3}"
EndProject
Project("{FAE04EC0-301F-11D3-BF4B-00C04F79EFBC}") = "Sora.Data.Sqlite.Tests", "tests\Sora.Data.Sqlite.Tests\Sora.Data.Sqlite.Tests.csproj", "{0C1B2611-CE11-4CE1-A49F-405DE5546040}"
EndProject
Project("{FAE04EC0-301F-11D3-BF4B-00C04F79EFBC}") = "Sora.Data.Mongo", "src\Sora.Data.Mongo\Sora.Data.Mongo.csproj", "{5D58B785-06F4-422A-902A-69D46C75AB10}"
EndProject
Project("{FAE04EC0-301F-11D3-BF4B-00C04F79EFBC}") = "S2.Api", "samples\S2.Api\S2.Api.csproj", "{19EE4A19-9BD0-47D6-8314-28CFA63A2090}"
EndProject
Project("{9A19103F-16F7-4668-BE54-9A1E7A4F7556}") = "Sora.Data.Cqrs.Outbox.Mongo", "src\Sora.Data.Cqrs.Outbox.Mongo\Sora.Data.Cqrs.Outbox.Mongo.csproj", "{8F1F0A3A-9B44-471A-8DC2-F78F77E538FC}"
EndProject
Project("{FAE04EC0-301F-11D3-BF4B-00C04F79EFBC}") = "Sora.Mq.RabbitMq.IntegrationTests", "tests\Sora.Mq.RabbitMq.IntegrationTests\Sora.Mq.RabbitMq.IntegrationTests.csproj", "{B4C2B1A3-9E4B-4EAA-8B2E-1234567890AB}"
EndProject
Project("{FAE04EC0-301F-11D3-BF4B-00C04F79EFBC}") = "Sora.Messaging.Inbox.Http", "src\Sora.Messaging.Inbox.Http\Sora.Messaging.Inbox.Http.csproj", "{101F77EC-4457-4E02-B6F9-8A3B2EE0CB23}"
EndProject
Project("{FAE04EC0-301F-11D3-BF4B-00C04F79EFBC}") = "Sora.Service.Inbox.Redis", "src\Sora.Service.Inbox.Redis\Sora.Service.Inbox.Redis.csproj", "{3B3105F2-3576-4B89-9E69-954AE2E26B63}"
EndProject
Project("{FAE04EC0-301F-11D3-BF4B-00C04F79EFBC}") = "Sora.Web.GraphQl", "src\Sora.Web.GraphQl\Sora.Web.GraphQl.csproj", "{8B5D26DE-3D36-4B11-BCF5-FC30E6A68E5E}"
EndProject
Project("{FAE04EC0-301F-11D3-BF4B-00C04F79EFBC}") = "S4.Web.IntegrationTests", "tests\S4.Web.IntegrationTests\S4.Web.IntegrationTests.csproj", "{E1BFC3C1-9F53-4A88-8B07-0E3F4E1E3F77}"
EndProject
Project("{FAE04EC0-301F-11D3-BF4B-00C04F79EFBC}") = "Sora.AI.Contracts", "src\Sora.AI.Contracts\Sora.AI.Contracts.csproj", "{94245521-667D-4F16-81ED-B30B1F8C920B}"
EndProject
Project("{FAE04EC0-301F-11D3-BF4B-00C04F79EFBC}") = "Sora.AI", "src\Sora.AI\Sora.AI.csproj", "{661803BD-E26C-4288-8783-7FB8049298B8}"
EndProject
Global
	GlobalSection(SolutionConfigurationPlatforms) = preSolution
		Debug|Any CPU = Debug|Any CPU
		Debug|x64 = Debug|x64
		Debug|x86 = Debug|x86
		Release|Any CPU = Release|Any CPU
		Release|x64 = Release|x64
		Release|x86 = Release|x86
	EndGlobalSection
	GlobalSection(ProjectConfigurationPlatforms) = postSolution
		{D6B0C1E2-ABCD-4F12-9E34-112233445566}.Debug|Any CPU.ActiveCfg = Debug|Any CPU
		{D6B0C1E2-ABCD-4F12-9E34-112233445566}.Debug|Any CPU.Build.0 = Debug|Any CPU
		{D6B0C1E2-ABCD-4F12-9E34-112233445566}.Debug|x64.ActiveCfg = Debug|Any CPU
		{D6B0C1E2-ABCD-4F12-9E34-112233445566}.Debug|x64.Build.0 = Debug|Any CPU
		{D6B0C1E2-ABCD-4F12-9E34-112233445566}.Debug|x86.ActiveCfg = Debug|Any CPU
		{D6B0C1E2-ABCD-4F12-9E34-112233445566}.Debug|x86.Build.0 = Debug|Any CPU
		{D6B0C1E2-ABCD-4F12-9E34-112233445566}.Release|Any CPU.ActiveCfg = Release|Any CPU
		{D6B0C1E2-ABCD-4F12-9E34-112233445566}.Release|Any CPU.Build.0 = Release|Any CPU
		{D6B0C1E2-ABCD-4F12-9E34-112233445566}.Release|x64.ActiveCfg = Release|Any CPU
		{D6B0C1E2-ABCD-4F12-9E34-112233445566}.Release|x64.Build.0 = Release|Any CPU
		{D6B0C1E2-ABCD-4F12-9E34-112233445566}.Release|x86.ActiveCfg = Release|Any CPU
		{D6B0C1E2-ABCD-4F12-9E34-112233445566}.Release|x86.Build.0 = Release|Any CPU
		{AABBCCDD-1122-3344-5566-77889900AABB}.Debug|Any CPU.ActiveCfg = Debug|Any CPU
		{AABBCCDD-1122-3344-5566-77889900AABB}.Debug|Any CPU.Build.0 = Debug|Any CPU
		{AABBCCDD-1122-3344-5566-77889900AABB}.Debug|x64.ActiveCfg = Debug|Any CPU
		{AABBCCDD-1122-3344-5566-77889900AABB}.Debug|x64.Build.0 = Debug|Any CPU
		{AABBCCDD-1122-3344-5566-77889900AABB}.Debug|x86.ActiveCfg = Debug|Any CPU
		{AABBCCDD-1122-3344-5566-77889900AABB}.Debug|x86.Build.0 = Debug|Any CPU
		{AABBCCDD-1122-3344-5566-77889900AABB}.Release|Any CPU.ActiveCfg = Release|Any CPU
		{AABBCCDD-1122-3344-5566-77889900AABB}.Release|Any CPU.Build.0 = Release|Any CPU
		{AABBCCDD-1122-3344-5566-77889900AABB}.Release|x64.ActiveCfg = Release|Any CPU
		{AABBCCDD-1122-3344-5566-77889900AABB}.Release|x64.Build.0 = Release|Any CPU
		{AABBCCDD-1122-3344-5566-77889900AABB}.Release|x86.ActiveCfg = Release|Any CPU
		{AABBCCDD-1122-3344-5566-77889900AABB}.Release|x86.Build.0 = Release|Any CPU
		{2B2B6F6E-9E0C-4B42-9B3B-2C7B2C4E6D10}.Debug|Any CPU.ActiveCfg = Debug|Any CPU
		{2B2B6F6E-9E0C-4B42-9B3B-2C7B2C4E6D10}.Debug|Any CPU.Build.0 = Debug|Any CPU
		{2B2B6F6E-9E0C-4B42-9B3B-2C7B2C4E6D10}.Debug|x64.ActiveCfg = Debug|Any CPU
		{2B2B6F6E-9E0C-4B42-9B3B-2C7B2C4E6D10}.Debug|x64.Build.0 = Debug|Any CPU
		{2B2B6F6E-9E0C-4B42-9B3B-2C7B2C4E6D10}.Debug|x86.ActiveCfg = Debug|Any CPU
		{2B2B6F6E-9E0C-4B42-9B3B-2C7B2C4E6D10}.Debug|x86.Build.0 = Debug|Any CPU
		{2B2B6F6E-9E0C-4B42-9B3B-2C7B2C4E6D10}.Release|Any CPU.ActiveCfg = Release|Any CPU
		{2B2B6F6E-9E0C-4B42-9B3B-2C7B2C4E6D10}.Release|Any CPU.Build.0 = Release|Any CPU
		{2B2B6F6E-9E0C-4B42-9B3B-2C7B2C4E6D10}.Release|x64.ActiveCfg = Release|Any CPU
		{2B2B6F6E-9E0C-4B42-9B3B-2C7B2C4E6D10}.Release|x64.Build.0 = Release|Any CPU
		{2B2B6F6E-9E0C-4B42-9B3B-2C7B2C4E6D10}.Release|x86.ActiveCfg = Release|Any CPU
		{2B2B6F6E-9E0C-4B42-9B3B-2C7B2C4E6D10}.Release|x86.Build.0 = Release|Any CPU
		{3C3C7E7F-AD21-4E50-9B69-6B1C6E8F7A21}.Debug|Any CPU.ActiveCfg = Debug|Any CPU
		{3C3C7E7F-AD21-4E50-9B69-6B1C6E8F7A21}.Debug|Any CPU.Build.0 = Debug|Any CPU
		{3C3C7E7F-AD21-4E50-9B69-6B1C6E8F7A21}.Debug|x64.ActiveCfg = Debug|Any CPU
		{3C3C7E7F-AD21-4E50-9B69-6B1C6E8F7A21}.Debug|x64.Build.0 = Debug|Any CPU
		{3C3C7E7F-AD21-4E50-9B69-6B1C6E8F7A21}.Debug|x86.ActiveCfg = Debug|Any CPU
		{3C3C7E7F-AD21-4E50-9B69-6B1C6E8F7A21}.Debug|x86.Build.0 = Debug|Any CPU
		{3C3C7E7F-AD21-4E50-9B69-6B1C6E8F7A21}.Release|Any CPU.ActiveCfg = Release|Any CPU
		{3C3C7E7F-AD21-4E50-9B69-6B1C6E8F7A21}.Release|Any CPU.Build.0 = Release|Any CPU
		{3C3C7E7F-AD21-4E50-9B69-6B1C6E8F7A21}.Release|x64.ActiveCfg = Release|Any CPU
		{3C3C7E7F-AD21-4E50-9B69-6B1C6E8F7A21}.Release|x64.Build.0 = Release|Any CPU
		{3C3C7E7F-AD21-4E50-9B69-6B1C6E8F7A21}.Release|x86.ActiveCfg = Release|Any CPU
		{3C3C7E7F-AD21-4E50-9B69-6B1C6E8F7A21}.Release|x86.Build.0 = Release|Any CPU
		{5F4E4E41-65F5-4B19-A7E1-9FA7BDFD3B1E}.Debug|Any CPU.ActiveCfg = Debug|Any CPU
		{5F4E4E41-65F5-4B19-A7E1-9FA7BDFD3B1E}.Debug|Any CPU.Build.0 = Debug|Any CPU
		{5F4E4E41-65F5-4B19-A7E1-9FA7BDFD3B1E}.Debug|x64.ActiveCfg = Debug|Any CPU
		{5F4E4E41-65F5-4B19-A7E1-9FA7BDFD3B1E}.Debug|x64.Build.0 = Debug|Any CPU
		{5F4E4E41-65F5-4B19-A7E1-9FA7BDFD3B1E}.Debug|x86.ActiveCfg = Debug|Any CPU
		{5F4E4E41-65F5-4B19-A7E1-9FA7BDFD3B1E}.Debug|x86.Build.0 = Debug|Any CPU
		{5F4E4E41-65F5-4B19-A7E1-9FA7BDFD3B1E}.Release|Any CPU.ActiveCfg = Release|Any CPU
		{5F4E4E41-65F5-4B19-A7E1-9FA7BDFD3B1E}.Release|Any CPU.Build.0 = Release|Any CPU
		{5F4E4E41-65F5-4B19-A7E1-9FA7BDFD3B1E}.Release|x64.ActiveCfg = Release|Any CPU
		{5F4E4E41-65F5-4B19-A7E1-9FA7BDFD3B1E}.Release|x64.Build.0 = Release|Any CPU
		{5F4E4E41-65F5-4B19-A7E1-9FA7BDFD3B1E}.Release|x86.ActiveCfg = Release|Any CPU
		{5F4E4E41-65F5-4B19-A7E1-9FA7BDFD3B1E}.Release|x86.Build.0 = Release|Any CPU
		{AC35BF5D-83DF-4D23-881B-048605902576}.Debug|Any CPU.ActiveCfg = Debug|Any CPU
		{AC35BF5D-83DF-4D23-881B-048605902576}.Debug|Any CPU.Build.0 = Debug|Any CPU
		{AC35BF5D-83DF-4D23-881B-048605902576}.Debug|x64.ActiveCfg = Debug|Any CPU
		{AC35BF5D-83DF-4D23-881B-048605902576}.Debug|x64.Build.0 = Debug|Any CPU
		{AC35BF5D-83DF-4D23-881B-048605902576}.Debug|x86.ActiveCfg = Debug|Any CPU
		{AC35BF5D-83DF-4D23-881B-048605902576}.Debug|x86.Build.0 = Debug|Any CPU
		{AC35BF5D-83DF-4D23-881B-048605902576}.Release|Any CPU.ActiveCfg = Release|Any CPU
		{AC35BF5D-83DF-4D23-881B-048605902576}.Release|Any CPU.Build.0 = Release|Any CPU
		{AC35BF5D-83DF-4D23-881B-048605902576}.Release|x64.ActiveCfg = Release|Any CPU
		{AC35BF5D-83DF-4D23-881B-048605902576}.Release|x64.Build.0 = Release|Any CPU
		{AC35BF5D-83DF-4D23-881B-048605902576}.Release|x86.ActiveCfg = Release|Any CPU
		{AC35BF5D-83DF-4D23-881B-048605902576}.Release|x86.Build.0 = Release|Any CPU
		{E2D8C6C4-3E87-4F8B-8C75-8E7C6C1A9F90}.Debug|Any CPU.ActiveCfg = Debug|Any CPU
		{E2D8C6C4-3E87-4F8B-8C75-8E7C6C1A9F90}.Debug|Any CPU.Build.0 = Debug|Any CPU
		{E2D8C6C4-3E87-4F8B-8C75-8E7C6C1A9F90}.Debug|x64.ActiveCfg = Debug|Any CPU
		{E2D8C6C4-3E87-4F8B-8C75-8E7C6C1A9F90}.Debug|x64.Build.0 = Debug|Any CPU
		{E2D8C6C4-3E87-4F8B-8C75-8E7C6C1A9F90}.Debug|x86.ActiveCfg = Debug|Any CPU
		{E2D8C6C4-3E87-4F8B-8C75-8E7C6C1A9F90}.Debug|x86.Build.0 = Debug|Any CPU
		{E2D8C6C4-3E87-4F8B-8C75-8E7C6C1A9F90}.Release|Any CPU.ActiveCfg = Release|Any CPU
		{E2D8C6C4-3E87-4F8B-8C75-8E7C6C1A9F90}.Release|Any CPU.Build.0 = Release|Any CPU
		{E2D8C6C4-3E87-4F8B-8C75-8E7C6C1A9F90}.Release|x64.ActiveCfg = Release|Any CPU
		{E2D8C6C4-3E87-4F8B-8C75-8E7C6C1A9F90}.Release|x64.Build.0 = Release|Any CPU
		{E2D8C6C4-3E87-4F8B-8C75-8E7C6C1A9F90}.Release|x86.ActiveCfg = Release|Any CPU
		{E2D8C6C4-3E87-4F8B-8C75-8E7C6C1A9F90}.Release|x86.Build.0 = Release|Any CPU
		{C7C89DC6-E1FF-4BC3-B300-7F4D2E83DE45}.Debug|Any CPU.ActiveCfg = Debug|Any CPU
		{C7C89DC6-E1FF-4BC3-B300-7F4D2E83DE45}.Debug|Any CPU.Build.0 = Debug|Any CPU
		{C7C89DC6-E1FF-4BC3-B300-7F4D2E83DE45}.Debug|x64.ActiveCfg = Debug|Any CPU
		{C7C89DC6-E1FF-4BC3-B300-7F4D2E83DE45}.Debug|x64.Build.0 = Debug|Any CPU
		{C7C89DC6-E1FF-4BC3-B300-7F4D2E83DE45}.Debug|x86.ActiveCfg = Debug|Any CPU
		{C7C89DC6-E1FF-4BC3-B300-7F4D2E83DE45}.Debug|x86.Build.0 = Debug|Any CPU
		{C7C89DC6-E1FF-4BC3-B300-7F4D2E83DE45}.Release|Any CPU.ActiveCfg = Release|Any CPU
		{C7C89DC6-E1FF-4BC3-B300-7F4D2E83DE45}.Release|Any CPU.Build.0 = Release|Any CPU
		{C7C89DC6-E1FF-4BC3-B300-7F4D2E83DE45}.Release|x64.ActiveCfg = Release|Any CPU
		{C7C89DC6-E1FF-4BC3-B300-7F4D2E83DE45}.Release|x64.Build.0 = Release|Any CPU
		{C7C89DC6-E1FF-4BC3-B300-7F4D2E83DE45}.Release|x86.ActiveCfg = Release|Any CPU
		{C7C89DC6-E1FF-4BC3-B300-7F4D2E83DE45}.Release|x86.Build.0 = Release|Any CPU
		{6E8C2AC3-C3E2-476A-8F31-A727CD774AD9}.Debug|Any CPU.ActiveCfg = Debug|Any CPU
		{6E8C2AC3-C3E2-476A-8F31-A727CD774AD9}.Debug|Any CPU.Build.0 = Debug|Any CPU
		{6E8C2AC3-C3E2-476A-8F31-A727CD774AD9}.Debug|x64.ActiveCfg = Debug|Any CPU
		{6E8C2AC3-C3E2-476A-8F31-A727CD774AD9}.Debug|x64.Build.0 = Debug|Any CPU
		{6E8C2AC3-C3E2-476A-8F31-A727CD774AD9}.Debug|x86.ActiveCfg = Debug|Any CPU
		{6E8C2AC3-C3E2-476A-8F31-A727CD774AD9}.Debug|x86.Build.0 = Debug|Any CPU
		{6E8C2AC3-C3E2-476A-8F31-A727CD774AD9}.Release|Any CPU.ActiveCfg = Release|Any CPU
		{6E8C2AC3-C3E2-476A-8F31-A727CD774AD9}.Release|Any CPU.Build.0 = Release|Any CPU
		{6E8C2AC3-C3E2-476A-8F31-A727CD774AD9}.Release|x64.ActiveCfg = Release|Any CPU
		{6E8C2AC3-C3E2-476A-8F31-A727CD774AD9}.Release|x64.Build.0 = Release|Any CPU
		{6E8C2AC3-C3E2-476A-8F31-A727CD774AD9}.Release|x86.ActiveCfg = Release|Any CPU
		{6E8C2AC3-C3E2-476A-8F31-A727CD774AD9}.Release|x86.Build.0 = Release|Any CPU
		{897E7BA4-B952-4A05-9107-DBAD572F309D}.Debug|Any CPU.ActiveCfg = Debug|Any CPU
		{897E7BA4-B952-4A05-9107-DBAD572F309D}.Debug|Any CPU.Build.0 = Debug|Any CPU
		{897E7BA4-B952-4A05-9107-DBAD572F309D}.Debug|x64.ActiveCfg = Debug|Any CPU
		{897E7BA4-B952-4A05-9107-DBAD572F309D}.Debug|x64.Build.0 = Debug|Any CPU
		{897E7BA4-B952-4A05-9107-DBAD572F309D}.Debug|x86.ActiveCfg = Debug|Any CPU
		{897E7BA4-B952-4A05-9107-DBAD572F309D}.Debug|x86.Build.0 = Debug|Any CPU
		{897E7BA4-B952-4A05-9107-DBAD572F309D}.Release|Any CPU.ActiveCfg = Release|Any CPU
		{897E7BA4-B952-4A05-9107-DBAD572F309D}.Release|Any CPU.Build.0 = Release|Any CPU
		{897E7BA4-B952-4A05-9107-DBAD572F309D}.Release|x64.ActiveCfg = Release|Any CPU
		{897E7BA4-B952-4A05-9107-DBAD572F309D}.Release|x64.Build.0 = Release|Any CPU
		{897E7BA4-B952-4A05-9107-DBAD572F309D}.Release|x86.ActiveCfg = Release|Any CPU
		{897E7BA4-B952-4A05-9107-DBAD572F309D}.Release|x86.Build.0 = Release|Any CPU
		{7A9AF089-3E9A-4B13-9CE8-2E8C6EC48E46}.Debug|Any CPU.ActiveCfg = Debug|Any CPU
		{7A9AF089-3E9A-4B13-9CE8-2E8C6EC48E46}.Debug|Any CPU.Build.0 = Debug|Any CPU
		{7A9AF089-3E9A-4B13-9CE8-2E8C6EC48E46}.Debug|x64.ActiveCfg = Debug|Any CPU
		{7A9AF089-3E9A-4B13-9CE8-2E8C6EC48E46}.Debug|x64.Build.0 = Debug|Any CPU
		{7A9AF089-3E9A-4B13-9CE8-2E8C6EC48E46}.Debug|x86.ActiveCfg = Debug|Any CPU
		{7A9AF089-3E9A-4B13-9CE8-2E8C6EC48E46}.Debug|x86.Build.0 = Debug|Any CPU
		{7A9AF089-3E9A-4B13-9CE8-2E8C6EC48E46}.Release|Any CPU.ActiveCfg = Release|Any CPU
		{7A9AF089-3E9A-4B13-9CE8-2E8C6EC48E46}.Release|Any CPU.Build.0 = Release|Any CPU
		{7A9AF089-3E9A-4B13-9CE8-2E8C6EC48E46}.Release|x64.ActiveCfg = Release|Any CPU
		{7A9AF089-3E9A-4B13-9CE8-2E8C6EC48E46}.Release|x64.Build.0 = Release|Any CPU
		{7A9AF089-3E9A-4B13-9CE8-2E8C6EC48E46}.Release|x86.ActiveCfg = Release|Any CPU
		{7A9AF089-3E9A-4B13-9CE8-2E8C6EC48E46}.Release|x86.Build.0 = Release|Any CPU
		{B63A18EB-8B77-4A7B-B9D4-17CE478CF46D}.Debug|Any CPU.ActiveCfg = Debug|Any CPU
		{B63A18EB-8B77-4A7B-B9D4-17CE478CF46D}.Debug|Any CPU.Build.0 = Debug|Any CPU
		{B63A18EB-8B77-4A7B-B9D4-17CE478CF46D}.Debug|x64.ActiveCfg = Debug|Any CPU
		{B63A18EB-8B77-4A7B-B9D4-17CE478CF46D}.Debug|x64.Build.0 = Debug|Any CPU
		{B63A18EB-8B77-4A7B-B9D4-17CE478CF46D}.Debug|x86.ActiveCfg = Debug|Any CPU
		{B63A18EB-8B77-4A7B-B9D4-17CE478CF46D}.Debug|x86.Build.0 = Debug|Any CPU
		{B63A18EB-8B77-4A7B-B9D4-17CE478CF46D}.Release|Any CPU.ActiveCfg = Release|Any CPU
		{B63A18EB-8B77-4A7B-B9D4-17CE478CF46D}.Release|Any CPU.Build.0 = Release|Any CPU
		{B63A18EB-8B77-4A7B-B9D4-17CE478CF46D}.Release|x64.ActiveCfg = Release|Any CPU
		{B63A18EB-8B77-4A7B-B9D4-17CE478CF46D}.Release|x64.Build.0 = Release|Any CPU
		{B63A18EB-8B77-4A7B-B9D4-17CE478CF46D}.Release|x86.ActiveCfg = Release|Any CPU
		{B63A18EB-8B77-4A7B-B9D4-17CE478CF46D}.Release|x86.Build.0 = Release|Any CPU
		{9A1C2B4D-EB4F-48C6-83E4-9AE54429A4B8}.Debug|Any CPU.ActiveCfg = Debug|Any CPU
		{9A1C2B4D-EB4F-48C6-83E4-9AE54429A4B8}.Debug|Any CPU.Build.0 = Debug|Any CPU
		{9A1C2B4D-EB4F-48C6-83E4-9AE54429A4B8}.Debug|x64.ActiveCfg = Debug|Any CPU
		{9A1C2B4D-EB4F-48C6-83E4-9AE54429A4B8}.Debug|x64.Build.0 = Debug|Any CPU
		{9A1C2B4D-EB4F-48C6-83E4-9AE54429A4B8}.Debug|x86.ActiveCfg = Debug|Any CPU
		{9A1C2B4D-EB4F-48C6-83E4-9AE54429A4B8}.Debug|x86.Build.0 = Debug|Any CPU
		{9A1C2B4D-EB4F-48C6-83E4-9AE54429A4B8}.Release|Any CPU.ActiveCfg = Release|Any CPU
		{9A1C2B4D-EB4F-48C6-83E4-9AE54429A4B8}.Release|Any CPU.Build.0 = Release|Any CPU
		{9A1C2B4D-EB4F-48C6-83E4-9AE54429A4B8}.Release|x64.ActiveCfg = Release|Any CPU
		{9A1C2B4D-EB4F-48C6-83E4-9AE54429A4B8}.Release|x64.Build.0 = Release|Any CPU
		{9A1C2B4D-EB4F-48C6-83E4-9AE54429A4B8}.Release|x86.ActiveCfg = Release|Any CPU
		{9A1C2B4D-EB4F-48C6-83E4-9AE54429A4B8}.Release|x86.Build.0 = Release|Any CPU
		{1C42FAD6-7B14-43F9-83C4-25B8F6C27B8B}.Debug|Any CPU.ActiveCfg = Debug|Any CPU
		{1C42FAD6-7B14-43F9-83C4-25B8F6C27B8B}.Debug|Any CPU.Build.0 = Debug|Any CPU
		{1C42FAD6-7B14-43F9-83C4-25B8F6C27B8B}.Debug|x64.ActiveCfg = Debug|Any CPU
		{1C42FAD6-7B14-43F9-83C4-25B8F6C27B8B}.Debug|x64.Build.0 = Debug|Any CPU
		{1C42FAD6-7B14-43F9-83C4-25B8F6C27B8B}.Debug|x86.ActiveCfg = Debug|Any CPU
		{1C42FAD6-7B14-43F9-83C4-25B8F6C27B8B}.Debug|x86.Build.0 = Debug|Any CPU
		{1C42FAD6-7B14-43F9-83C4-25B8F6C27B8B}.Release|Any CPU.ActiveCfg = Release|Any CPU
		{1C42FAD6-7B14-43F9-83C4-25B8F6C27B8B}.Release|Any CPU.Build.0 = Release|Any CPU
		{1C42FAD6-7B14-43F9-83C4-25B8F6C27B8B}.Release|x64.ActiveCfg = Release|Any CPU
		{1C42FAD6-7B14-43F9-83C4-25B8F6C27B8B}.Release|x64.Build.0 = Release|Any CPU
		{1C42FAD6-7B14-43F9-83C4-25B8F6C27B8B}.Release|x86.ActiveCfg = Release|Any CPU
		{1C42FAD6-7B14-43F9-83C4-25B8F6C27B8B}.Release|x86.Build.0 = Release|Any CPU
		{FEE3C69D-81C2-4F60-A7DD-89A848ABCA33}.Debug|Any CPU.ActiveCfg = Debug|Any CPU
		{FEE3C69D-81C2-4F60-A7DD-89A848ABCA33}.Debug|Any CPU.Build.0 = Debug|Any CPU
		{FEE3C69D-81C2-4F60-A7DD-89A848ABCA33}.Debug|x64.ActiveCfg = Debug|Any CPU
		{FEE3C69D-81C2-4F60-A7DD-89A848ABCA33}.Debug|x64.Build.0 = Debug|Any CPU
		{FEE3C69D-81C2-4F60-A7DD-89A848ABCA33}.Debug|x86.ActiveCfg = Debug|Any CPU
		{FEE3C69D-81C2-4F60-A7DD-89A848ABCA33}.Debug|x86.Build.0 = Debug|Any CPU
		{FEE3C69D-81C2-4F60-A7DD-89A848ABCA33}.Release|Any CPU.ActiveCfg = Release|Any CPU
		{FEE3C69D-81C2-4F60-A7DD-89A848ABCA33}.Release|Any CPU.Build.0 = Release|Any CPU
		{FEE3C69D-81C2-4F60-A7DD-89A848ABCA33}.Release|x64.ActiveCfg = Release|Any CPU
		{FEE3C69D-81C2-4F60-A7DD-89A848ABCA33}.Release|x64.Build.0 = Release|Any CPU
		{FEE3C69D-81C2-4F60-A7DD-89A848ABCA33}.Release|x86.ActiveCfg = Release|Any CPU
		{FEE3C69D-81C2-4F60-A7DD-89A848ABCA33}.Release|x86.Build.0 = Release|Any CPU
		{A0183773-0F7A-4F92-9310-83E51E4794BC}.Debug|Any CPU.ActiveCfg = Debug|Any CPU
		{A0183773-0F7A-4F92-9310-83E51E4794BC}.Debug|Any CPU.Build.0 = Debug|Any CPU
		{A0183773-0F7A-4F92-9310-83E51E4794BC}.Debug|x64.ActiveCfg = Debug|Any CPU
		{A0183773-0F7A-4F92-9310-83E51E4794BC}.Debug|x64.Build.0 = Debug|Any CPU
		{A0183773-0F7A-4F92-9310-83E51E4794BC}.Debug|x86.ActiveCfg = Debug|Any CPU
		{A0183773-0F7A-4F92-9310-83E51E4794BC}.Debug|x86.Build.0 = Debug|Any CPU
		{A0183773-0F7A-4F92-9310-83E51E4794BC}.Release|Any CPU.ActiveCfg = Release|Any CPU
		{A0183773-0F7A-4F92-9310-83E51E4794BC}.Release|Any CPU.Build.0 = Release|Any CPU
		{A0183773-0F7A-4F92-9310-83E51E4794BC}.Release|x64.ActiveCfg = Release|Any CPU
		{A0183773-0F7A-4F92-9310-83E51E4794BC}.Release|x64.Build.0 = Release|Any CPU
		{A0183773-0F7A-4F92-9310-83E51E4794BC}.Release|x86.ActiveCfg = Release|Any CPU
		{A0183773-0F7A-4F92-9310-83E51E4794BC}.Release|x86.Build.0 = Release|Any CPU
		{7B6A14C3-192F-4A96-8422-1BFBDE30B2B3}.Debug|Any CPU.ActiveCfg = Debug|Any CPU
		{7B6A14C3-192F-4A96-8422-1BFBDE30B2B3}.Debug|Any CPU.Build.0 = Debug|Any CPU
		{7B6A14C3-192F-4A96-8422-1BFBDE30B2B3}.Debug|x64.ActiveCfg = Debug|Any CPU
		{7B6A14C3-192F-4A96-8422-1BFBDE30B2B3}.Debug|x64.Build.0 = Debug|Any CPU
		{7B6A14C3-192F-4A96-8422-1BFBDE30B2B3}.Debug|x86.ActiveCfg = Debug|Any CPU
		{7B6A14C3-192F-4A96-8422-1BFBDE30B2B3}.Debug|x86.Build.0 = Debug|Any CPU
		{7B6A14C3-192F-4A96-8422-1BFBDE30B2B3}.Release|Any CPU.ActiveCfg = Release|Any CPU
		{7B6A14C3-192F-4A96-8422-1BFBDE30B2B3}.Release|Any CPU.Build.0 = Release|Any CPU
		{7B6A14C3-192F-4A96-8422-1BFBDE30B2B3}.Release|x64.ActiveCfg = Release|Any CPU
		{7B6A14C3-192F-4A96-8422-1BFBDE30B2B3}.Release|x64.Build.0 = Release|Any CPU
		{7B6A14C3-192F-4A96-8422-1BFBDE30B2B3}.Release|x86.ActiveCfg = Release|Any CPU
		{7B6A14C3-192F-4A96-8422-1BFBDE30B2B3}.Release|x86.Build.0 = Release|Any CPU
		{0C1B2611-CE11-4CE1-A49F-405DE5546040}.Debug|Any CPU.ActiveCfg = Debug|Any CPU
		{0C1B2611-CE11-4CE1-A49F-405DE5546040}.Debug|Any CPU.Build.0 = Debug|Any CPU
		{0C1B2611-CE11-4CE1-A49F-405DE5546040}.Debug|x64.ActiveCfg = Debug|Any CPU
		{0C1B2611-CE11-4CE1-A49F-405DE5546040}.Debug|x64.Build.0 = Debug|Any CPU
		{0C1B2611-CE11-4CE1-A49F-405DE5546040}.Debug|x86.ActiveCfg = Debug|Any CPU
		{0C1B2611-CE11-4CE1-A49F-405DE5546040}.Debug|x86.Build.0 = Debug|Any CPU
		{0C1B2611-CE11-4CE1-A49F-405DE5546040}.Release|Any CPU.ActiveCfg = Release|Any CPU
		{0C1B2611-CE11-4CE1-A49F-405DE5546040}.Release|Any CPU.Build.0 = Release|Any CPU
		{0C1B2611-CE11-4CE1-A49F-405DE5546040}.Release|x64.ActiveCfg = Release|Any CPU
		{0C1B2611-CE11-4CE1-A49F-405DE5546040}.Release|x64.Build.0 = Release|Any CPU
		{0C1B2611-CE11-4CE1-A49F-405DE5546040}.Release|x86.ActiveCfg = Release|Any CPU
		{0C1B2611-CE11-4CE1-A49F-405DE5546040}.Release|x86.Build.0 = Release|Any CPU
		{5D58B785-06F4-422A-902A-69D46C75AB10}.Debug|Any CPU.ActiveCfg = Debug|Any CPU
		{5D58B785-06F4-422A-902A-69D46C75AB10}.Debug|Any CPU.Build.0 = Debug|Any CPU
		{5D58B785-06F4-422A-902A-69D46C75AB10}.Debug|x64.ActiveCfg = Debug|Any CPU
		{5D58B785-06F4-422A-902A-69D46C75AB10}.Debug|x64.Build.0 = Debug|Any CPU
		{5D58B785-06F4-422A-902A-69D46C75AB10}.Debug|x86.ActiveCfg = Debug|Any CPU
		{5D58B785-06F4-422A-902A-69D46C75AB10}.Debug|x86.Build.0 = Debug|Any CPU
		{5D58B785-06F4-422A-902A-69D46C75AB10}.Release|Any CPU.ActiveCfg = Release|Any CPU
		{5D58B785-06F4-422A-902A-69D46C75AB10}.Release|Any CPU.Build.0 = Release|Any CPU
		{5D58B785-06F4-422A-902A-69D46C75AB10}.Release|x64.ActiveCfg = Release|Any CPU
		{5D58B785-06F4-422A-902A-69D46C75AB10}.Release|x64.Build.0 = Release|Any CPU
		{5D58B785-06F4-422A-902A-69D46C75AB10}.Release|x86.ActiveCfg = Release|Any CPU
		{5D58B785-06F4-422A-902A-69D46C75AB10}.Release|x86.Build.0 = Release|Any CPU
		{19EE4A19-9BD0-47D6-8314-28CFA63A2090}.Debug|Any CPU.ActiveCfg = Debug|Any CPU
		{19EE4A19-9BD0-47D6-8314-28CFA63A2090}.Debug|Any CPU.Build.0 = Debug|Any CPU
		{19EE4A19-9BD0-47D6-8314-28CFA63A2090}.Debug|x64.ActiveCfg = Debug|Any CPU
		{19EE4A19-9BD0-47D6-8314-28CFA63A2090}.Debug|x64.Build.0 = Debug|Any CPU
		{19EE4A19-9BD0-47D6-8314-28CFA63A2090}.Debug|x86.ActiveCfg = Debug|Any CPU
		{19EE4A19-9BD0-47D6-8314-28CFA63A2090}.Debug|x86.Build.0 = Debug|Any CPU
		{19EE4A19-9BD0-47D6-8314-28CFA63A2090}.Release|Any CPU.ActiveCfg = Release|Any CPU
		{19EE4A19-9BD0-47D6-8314-28CFA63A2090}.Release|Any CPU.Build.0 = Release|Any CPU
		{19EE4A19-9BD0-47D6-8314-28CFA63A2090}.Release|x64.ActiveCfg = Release|Any CPU
		{19EE4A19-9BD0-47D6-8314-28CFA63A2090}.Release|x64.Build.0 = Release|Any CPU
		{19EE4A19-9BD0-47D6-8314-28CFA63A2090}.Release|x86.ActiveCfg = Release|Any CPU
		{19EE4A19-9BD0-47D6-8314-28CFA63A2090}.Release|x86.Build.0 = Release|Any CPU
		{8F1F0A3A-9B44-471A-8DC2-F78F77E538FC}.Debug|Any CPU.ActiveCfg = Debug|Any CPU
		{8F1F0A3A-9B44-471A-8DC2-F78F77E538FC}.Debug|Any CPU.Build.0 = Debug|Any CPU
		{8F1F0A3A-9B44-471A-8DC2-F78F77E538FC}.Debug|x64.ActiveCfg = Debug|Any CPU
		{8F1F0A3A-9B44-471A-8DC2-F78F77E538FC}.Debug|x64.Build.0 = Debug|Any CPU
		{8F1F0A3A-9B44-471A-8DC2-F78F77E538FC}.Debug|x86.ActiveCfg = Debug|Any CPU
		{8F1F0A3A-9B44-471A-8DC2-F78F77E538FC}.Debug|x86.Build.0 = Debug|Any CPU
		{8F1F0A3A-9B44-471A-8DC2-F78F77E538FC}.Release|Any CPU.ActiveCfg = Release|Any CPU
		{8F1F0A3A-9B44-471A-8DC2-F78F77E538FC}.Release|Any CPU.Build.0 = Release|Any CPU
		{8F1F0A3A-9B44-471A-8DC2-F78F77E538FC}.Release|x64.ActiveCfg = Release|Any CPU
		{8F1F0A3A-9B44-471A-8DC2-F78F77E538FC}.Release|x64.Build.0 = Release|Any CPU
		{8F1F0A3A-9B44-471A-8DC2-F78F77E538FC}.Release|x86.ActiveCfg = Release|Any CPU
		{8F1F0A3A-9B44-471A-8DC2-F78F77E538FC}.Release|x86.Build.0 = Release|Any CPU
		{B4C2B1A3-9E4B-4EAA-8B2E-1234567890AB}.Debug|Any CPU.ActiveCfg = Debug|Any CPU
		{B4C2B1A3-9E4B-4EAA-8B2E-1234567890AB}.Debug|Any CPU.Build.0 = Debug|Any CPU
		{B4C2B1A3-9E4B-4EAA-8B2E-1234567890AB}.Debug|x64.ActiveCfg = Debug|Any CPU
		{B4C2B1A3-9E4B-4EAA-8B2E-1234567890AB}.Debug|x64.Build.0 = Debug|Any CPU
		{B4C2B1A3-9E4B-4EAA-8B2E-1234567890AB}.Debug|x86.ActiveCfg = Debug|Any CPU
		{B4C2B1A3-9E4B-4EAA-8B2E-1234567890AB}.Debug|x86.Build.0 = Debug|Any CPU
		{B4C2B1A3-9E4B-4EAA-8B2E-1234567890AB}.Release|Any CPU.ActiveCfg = Release|Any CPU
		{B4C2B1A3-9E4B-4EAA-8B2E-1234567890AB}.Release|Any CPU.Build.0 = Release|Any CPU
		{B4C2B1A3-9E4B-4EAA-8B2E-1234567890AB}.Release|x64.ActiveCfg = Release|Any CPU
		{B4C2B1A3-9E4B-4EAA-8B2E-1234567890AB}.Release|x64.Build.0 = Release|Any CPU
		{B4C2B1A3-9E4B-4EAA-8B2E-1234567890AB}.Release|x86.ActiveCfg = Release|Any CPU
		{B4C2B1A3-9E4B-4EAA-8B2E-1234567890AB}.Release|x86.Build.0 = Release|Any CPU
		{101F77EC-4457-4E02-B6F9-8A3B2EE0CB23}.Debug|Any CPU.ActiveCfg = Debug|Any CPU
		{101F77EC-4457-4E02-B6F9-8A3B2EE0CB23}.Debug|Any CPU.Build.0 = Debug|Any CPU
		{101F77EC-4457-4E02-B6F9-8A3B2EE0CB23}.Debug|x64.ActiveCfg = Debug|Any CPU
		{101F77EC-4457-4E02-B6F9-8A3B2EE0CB23}.Debug|x64.Build.0 = Debug|Any CPU
		{101F77EC-4457-4E02-B6F9-8A3B2EE0CB23}.Debug|x86.ActiveCfg = Debug|Any CPU
		{101F77EC-4457-4E02-B6F9-8A3B2EE0CB23}.Debug|x86.Build.0 = Debug|Any CPU
		{101F77EC-4457-4E02-B6F9-8A3B2EE0CB23}.Release|Any CPU.ActiveCfg = Release|Any CPU
		{101F77EC-4457-4E02-B6F9-8A3B2EE0CB23}.Release|Any CPU.Build.0 = Release|Any CPU
		{101F77EC-4457-4E02-B6F9-8A3B2EE0CB23}.Release|x64.ActiveCfg = Release|Any CPU
		{101F77EC-4457-4E02-B6F9-8A3B2EE0CB23}.Release|x64.Build.0 = Release|Any CPU
		{101F77EC-4457-4E02-B6F9-8A3B2EE0CB23}.Release|x86.ActiveCfg = Release|Any CPU
		{101F77EC-4457-4E02-B6F9-8A3B2EE0CB23}.Release|x86.Build.0 = Release|Any CPU
		{3B3105F2-3576-4B89-9E69-954AE2E26B63}.Debug|Any CPU.ActiveCfg = Debug|Any CPU
		{3B3105F2-3576-4B89-9E69-954AE2E26B63}.Debug|Any CPU.Build.0 = Debug|Any CPU
		{3B3105F2-3576-4B89-9E69-954AE2E26B63}.Debug|x64.ActiveCfg = Debug|Any CPU
		{3B3105F2-3576-4B89-9E69-954AE2E26B63}.Debug|x64.Build.0 = Debug|Any CPU
		{3B3105F2-3576-4B89-9E69-954AE2E26B63}.Debug|x86.ActiveCfg = Debug|Any CPU
		{3B3105F2-3576-4B89-9E69-954AE2E26B63}.Debug|x86.Build.0 = Debug|Any CPU
		{3B3105F2-3576-4B89-9E69-954AE2E26B63}.Release|Any CPU.ActiveCfg = Release|Any CPU
		{3B3105F2-3576-4B89-9E69-954AE2E26B63}.Release|Any CPU.Build.0 = Release|Any CPU
		{3B3105F2-3576-4B89-9E69-954AE2E26B63}.Release|x64.ActiveCfg = Release|Any CPU
		{3B3105F2-3576-4B89-9E69-954AE2E26B63}.Release|x64.Build.0 = Release|Any CPU
		{3B3105F2-3576-4B89-9E69-954AE2E26B63}.Release|x86.ActiveCfg = Release|Any CPU
		{3B3105F2-3576-4B89-9E69-954AE2E26B63}.Release|x86.Build.0 = Release|Any CPU
		{8B5D26DE-3D36-4B11-BCF5-FC30E6A68E5E}.Debug|Any CPU.ActiveCfg = Debug|Any CPU
		{8B5D26DE-3D36-4B11-BCF5-FC30E6A68E5E}.Debug|Any CPU.Build.0 = Debug|Any CPU
		{8B5D26DE-3D36-4B11-BCF5-FC30E6A68E5E}.Debug|x64.ActiveCfg = Debug|Any CPU
		{8B5D26DE-3D36-4B11-BCF5-FC30E6A68E5E}.Debug|x64.Build.0 = Debug|Any CPU
		{8B5D26DE-3D36-4B11-BCF5-FC30E6A68E5E}.Debug|x86.ActiveCfg = Debug|Any CPU
		{8B5D26DE-3D36-4B11-BCF5-FC30E6A68E5E}.Debug|x86.Build.0 = Debug|Any CPU
		{8B5D26DE-3D36-4B11-BCF5-FC30E6A68E5E}.Release|Any CPU.ActiveCfg = Release|Any CPU
		{8B5D26DE-3D36-4B11-BCF5-FC30E6A68E5E}.Release|Any CPU.Build.0 = Release|Any CPU
		{8B5D26DE-3D36-4B11-BCF5-FC30E6A68E5E}.Release|x64.ActiveCfg = Release|Any CPU
		{8B5D26DE-3D36-4B11-BCF5-FC30E6A68E5E}.Release|x64.Build.0 = Release|Any CPU
		{8B5D26DE-3D36-4B11-BCF5-FC30E6A68E5E}.Release|x86.ActiveCfg = Release|Any CPU
		{8B5D26DE-3D36-4B11-BCF5-FC30E6A68E5E}.Release|x86.Build.0 = Release|Any CPU
		{E1BFC3C1-9F53-4A88-8B07-0E3F4E1E3F77}.Debug|Any CPU.ActiveCfg = Debug|Any CPU
		{E1BFC3C1-9F53-4A88-8B07-0E3F4E1E3F77}.Debug|Any CPU.Build.0 = Debug|Any CPU
		{E1BFC3C1-9F53-4A88-8B07-0E3F4E1E3F77}.Debug|x64.ActiveCfg = Debug|Any CPU
		{E1BFC3C1-9F53-4A88-8B07-0E3F4E1E3F77}.Debug|x64.Build.0 = Debug|Any CPU
		{E1BFC3C1-9F53-4A88-8B07-0E3F4E1E3F77}.Debug|x86.ActiveCfg = Debug|Any CPU
		{E1BFC3C1-9F53-4A88-8B07-0E3F4E1E3F77}.Debug|x86.Build.0 = Debug|Any CPU
		{E1BFC3C1-9F53-4A88-8B07-0E3F4E1E3F77}.Release|Any CPU.ActiveCfg = Release|Any CPU
		{E1BFC3C1-9F53-4A88-8B07-0E3F4E1E3F77}.Release|Any CPU.Build.0 = Release|Any CPU
		{E1BFC3C1-9F53-4A88-8B07-0E3F4E1E3F77}.Release|x64.ActiveCfg = Release|Any CPU
		{E1BFC3C1-9F53-4A88-8B07-0E3F4E1E3F77}.Release|x64.Build.0 = Release|Any CPU
		{E1BFC3C1-9F53-4A88-8B07-0E3F4E1E3F77}.Release|x86.ActiveCfg = Release|Any CPU
		{E1BFC3C1-9F53-4A88-8B07-0E3F4E1E3F77}.Release|x86.Build.0 = Release|Any CPU
		{94245521-667D-4F16-81ED-B30B1F8C920B}.Debug|Any CPU.ActiveCfg = Debug|Any CPU
		{94245521-667D-4F16-81ED-B30B1F8C920B}.Debug|Any CPU.Build.0 = Debug|Any CPU
		{94245521-667D-4F16-81ED-B30B1F8C920B}.Debug|x64.ActiveCfg = Debug|Any CPU
		{94245521-667D-4F16-81ED-B30B1F8C920B}.Debug|x64.Build.0 = Debug|Any CPU
		{94245521-667D-4F16-81ED-B30B1F8C920B}.Debug|x86.ActiveCfg = Debug|Any CPU
		{94245521-667D-4F16-81ED-B30B1F8C920B}.Debug|x86.Build.0 = Debug|Any CPU
		{94245521-667D-4F16-81ED-B30B1F8C920B}.Release|Any CPU.ActiveCfg = Release|Any CPU
		{94245521-667D-4F16-81ED-B30B1F8C920B}.Release|Any CPU.Build.0 = Release|Any CPU
		{94245521-667D-4F16-81ED-B30B1F8C920B}.Release|x64.ActiveCfg = Release|Any CPU
		{94245521-667D-4F16-81ED-B30B1F8C920B}.Release|x64.Build.0 = Release|Any CPU
		{94245521-667D-4F16-81ED-B30B1F8C920B}.Release|x86.ActiveCfg = Release|Any CPU
		{94245521-667D-4F16-81ED-B30B1F8C920B}.Release|x86.Build.0 = Release|Any CPU
		{661803BD-E26C-4288-8783-7FB8049298B8}.Debug|Any CPU.ActiveCfg = Debug|Any CPU
		{661803BD-E26C-4288-8783-7FB8049298B8}.Debug|Any CPU.Build.0 = Debug|Any CPU
		{661803BD-E26C-4288-8783-7FB8049298B8}.Debug|x64.ActiveCfg = Debug|Any CPU
		{661803BD-E26C-4288-8783-7FB8049298B8}.Debug|x64.Build.0 = Debug|Any CPU
		{661803BD-E26C-4288-8783-7FB8049298B8}.Debug|x86.ActiveCfg = Debug|Any CPU
		{661803BD-E26C-4288-8783-7FB8049298B8}.Debug|x86.Build.0 = Debug|Any CPU
		{661803BD-E26C-4288-8783-7FB8049298B8}.Release|Any CPU.ActiveCfg = Release|Any CPU
		{661803BD-E26C-4288-8783-7FB8049298B8}.Release|Any CPU.Build.0 = Release|Any CPU
		{661803BD-E26C-4288-8783-7FB8049298B8}.Release|x64.ActiveCfg = Release|Any CPU
		{661803BD-E26C-4288-8783-7FB8049298B8}.Release|x64.Build.0 = Release|Any CPU
		{661803BD-E26C-4288-8783-7FB8049298B8}.Release|x86.ActiveCfg = Release|Any CPU
		{661803BD-E26C-4288-8783-7FB8049298B8}.Release|x86.Build.0 = Release|Any CPU
	EndGlobalSection
	GlobalSection(SolutionProperties) = preSolution
		HideSolutionNode = FALSE
	EndGlobalSection
	GlobalSection(NestedProjects) = preSolution
		{D6B0C1E2-ABCD-4F12-9E34-112233445566} = {827E0CD3-B72D-47B6-A68D-7590B98EB39B}
		{AABBCCDD-1122-3344-5566-77889900AABB} = {A57E7D90-6C53-4A55-9F6A-6C4D35D248CC}
		{2B2B6F6E-9E0C-4B42-9B3B-2C7B2C4E6D10} = {827E0CD3-B72D-47B6-A68D-7590B98EB39B}
		{3C3C7E7F-AD21-4E50-9B69-6B1C6E8F7A21} = {A57E7D90-6C53-4A55-9F6A-6C4D35D248CC}
		{5F4E4E41-65F5-4B19-A7E1-9FA7BDFD3B1E} = {5D20AA90-6969-D8BD-9DCD-8634F4692FDA}
		{AC35BF5D-83DF-4D23-881B-048605902576} = {5D20AA90-6969-D8BD-9DCD-8634F4692FDA}
		{E2D8C6C4-3E87-4F8B-8C75-8E7C6C1A9F90} = {827E0CD3-B72D-47B6-A68D-7590B98EB39B}
		{C7C89DC6-E1FF-4BC3-B300-7F4D2E83DE45} = {827E0CD3-B72D-47B6-A68D-7590B98EB39B}
		{6E8C2AC3-C3E2-476A-8F31-A727CD774AD9} = {827E0CD3-B72D-47B6-A68D-7590B98EB39B}
		{897E7BA4-B952-4A05-9107-DBAD572F309D} = {827E0CD3-B72D-47B6-A68D-7590B98EB39B}
		{7A9AF089-3E9A-4B13-9CE8-2E8C6EC48E46} = {827E0CD3-B72D-47B6-A68D-7590B98EB39B}
		{B63A18EB-8B77-4A7B-B9D4-17CE478CF46D} = {A57E7D90-6C53-4A55-9F6A-6C4D35D248CC}
		{9A1C2B4D-EB4F-48C6-83E4-9AE54429A4B8} = {A57E7D90-6C53-4A55-9F6A-6C4D35D248CC}
		{1C42FAD6-7B14-43F9-83C4-25B8F6C27B8B} = {A57E7D90-6C53-4A55-9F6A-6C4D35D248CC}
		{FEE3C69D-81C2-4F60-A7DD-89A848ABCA33} = {827E0CD3-B72D-47B6-A68D-7590B98EB39B}
		{A0183773-0F7A-4F92-9310-83E51E4794BC} = {827E0CD3-B72D-47B6-A68D-7590B98EB39B}
		{7B6A14C3-192F-4A96-8422-1BFBDE30B2B3} = {A57E7D90-6C53-4A55-9F6A-6C4D35D248CC}
		{0C1B2611-CE11-4CE1-A49F-405DE5546040} = {A57E7D90-6C53-4A55-9F6A-6C4D35D248CC}
		{5D58B785-06F4-422A-902A-69D46C75AB10} = {827E0CD3-B72D-47B6-A68D-7590B98EB39B}
		{19EE4A19-9BD0-47D6-8314-28CFA63A2090} = {5D20AA90-6969-D8BD-9DCD-8634F4692FDA}
		{8F1F0A3A-9B44-471A-8DC2-F78F77E538FC} = {827E0CD3-B72D-47B6-A68D-7590B98EB39B}
		{B4C2B1A3-9E4B-4EAA-8B2E-1234567890AB} = {A57E7D90-6C53-4A55-9F6A-6C4D35D248CC}
		{101F77EC-4457-4E02-B6F9-8A3B2EE0CB23} = {827E0CD3-B72D-47B6-A68D-7590B98EB39B}
		{3B3105F2-3576-4B89-9E69-954AE2E26B63} = {827E0CD3-B72D-47B6-A68D-7590B98EB39B}
		{8B5D26DE-3D36-4B11-BCF5-FC30E6A68E5E} = {827E0CD3-B72D-47B6-A68D-7590B98EB39B}
		{E1BFC3C1-9F53-4A88-8B07-0E3F4E1E3F77} = {A57E7D90-6C53-4A55-9F6A-6C4D35D248CC}
		{94245521-667D-4F16-81ED-B30B1F8C920B} = {827E0CD3-B72D-47B6-A68D-7590B98EB39B}
		{661803BD-E26C-4288-8783-7FB8049298B8} = {827E0CD3-B72D-47B6-A68D-7590B98EB39B}
	EndGlobalSection
EndGlobal
